
Microsoft Visual Studio Solution File, Format Version 12.00
# Visual Studio Version 16
VisualStudioVersion = 16.0.32228.343
MinimumVisualStudioVersion = 10.0.40219.1
Project("{9A19103F-16F7-4668-BE54-9A1E7A4F7556}") = "RyGamingProvider", "Ticketer\RyGamingProvider.csproj", "{6AA27413-3D1B-4745-9B92-9C2123633070}"
EndProject
Project("{9A19103F-16F7-4668-BE54-9A1E7A4F7556}") = "RyGamingProviderClient", "TicketerClient\RyGamingProviderClient.csproj", "{EFE02EAC-90B3-4551-AF69-2BF15D34EC64}"
EndProject
Project("{9A19103F-16F7-4668-BE54-9A1E7A4F7556}") = "RyGamingProviderClientLibrary", "RyGamingProviderClientLibrary\RyGamingProviderClientLibrary.csproj", "{E1049E7F-2677-4D1B-BD6B-DDCB06FDCD0A}"
EndProject
Project("{FAE04EC0-301F-11D3-BF4B-00C04F79EFBC}") = "RyGamingWallet", "RyGamingWallet\RyGamingWallet.csproj", "{67B21585-3ADB-4B0E-9A17-9D161FAFB6D8}"
EndProject
Project("{FAE04EC0-301F-11D3-BF4B-00C04F79EFBC}") = "RyGamingWalletClientLib", "RyGamingWalletClientLib\RyGamingWalletClientLib.csproj", "{FB5B6DB6-74D2-4708-A452-A2FF6CD8B16B}"
EndProject
Global
	GlobalSection(SolutionConfigurationPlatforms) = preSolution
		Debug|Any CPU = Debug|Any CPU
		Release|Any CPU = Release|Any CPU
	EndGlobalSection
	GlobalSection(ProjectConfigurationPlatforms) = postSolution
		{6AA27413-3D1B-4745-9B92-9C2123633070}.Debug|Any CPU.ActiveCfg = Debug|Any CPU
		{6AA27413-3D1B-4745-9B92-9C2123633070}.Debug|Any CPU.Build.0 = Debug|Any CPU
		{6AA27413-3D1B-4745-9B92-9C2123633070}.Release|Any CPU.ActiveCfg = Release|Any CPU
		{6AA27413-3D1B-4745-9B92-9C2123633070}.Release|Any CPU.Build.0 = Release|Any CPU
		{EFE02EAC-90B3-4551-AF69-2BF15D34EC64}.Debug|Any CPU.ActiveCfg = Debug|Any CPU
		{EFE02EAC-90B3-4551-AF69-2BF15D34EC64}.Debug|Any CPU.Build.0 = Debug|Any CPU
		{EFE02EAC-90B3-4551-AF69-2BF15D34EC64}.Release|Any CPU.ActiveCfg = Release|Any CPU
		{EFE02EAC-90B3-4551-AF69-2BF15D34EC64}.Release|Any CPU.Build.0 = Release|Any CPU
		{E1049E7F-2677-4D1B-BD6B-DDCB06FDCD0A}.Debug|Any CPU.ActiveCfg = Debug|Any CPU
		{E1049E7F-2677-4D1B-BD6B-DDCB06FDCD0A}.Debug|Any CPU.Build.0 = Debug|Any CPU
		{E1049E7F-2677-4D1B-BD6B-DDCB06FDCD0A}.Release|Any CPU.ActiveCfg = Release|Any CPU
		{E1049E7F-2677-4D1B-BD6B-DDCB06FDCD0A}.Release|Any CPU.Build.0 = Release|Any CPU
		{67B21585-3ADB-4B0E-9A17-9D161FAFB6D8}.Debug|Any CPU.ActiveCfg = Debug|Any CPU
		{67B21585-3ADB-4B0E-9A17-9D161FAFB6D8}.Debug|Any CPU.Build.0 = Debug|Any CPU
		{67B21585-3ADB-4B0E-9A17-9D161FAFB6D8}.Release|Any CPU.ActiveCfg = Release|Any CPU
		{67B21585-3ADB-4B0E-9A17-9D161FAFB6D8}.Release|Any CPU.Build.0 = Release|Any CPU
		{FB5B6DB6-74D2-4708-A452-A2FF6CD8B16B}.Debug|Any CPU.ActiveCfg = Debug|Any CPU
		{FB5B6DB6-74D2-4708-A452-A2FF6CD8B16B}.Debug|Any CPU.Build.0 = Debug|Any CPU
		{FB5B6DB6-74D2-4708-A452-A2FF6CD8B16B}.Release|Any CPU.ActiveCfg = Release|Any CPU
		{FB5B6DB6-74D2-4708-A452-A2FF6CD8B16B}.Release|Any CPU.Build.0 = Release|Any CPU
	EndGlobalSection
	GlobalSection(SolutionProperties) = preSolution
		HideSolutionNode = FALSE
	EndGlobalSection
	GlobalSection(ExtensibilityGlobals) = postSolution
		SolutionGuid = {7ED6CA2C-7C40-4B5D-84D4-3F6FFFAA5538}
	EndGlobalSection
EndGlobal
